// !$*UTF8*$!
{
	archiveVersion = 1;
	classes = {
	};
	objectVersion = 46;
	objects = {

/* Begin PBXBuildFile section */
		69D078FA1D70EA9A00F16690 /* AppDelegate.swift in Sources */ = {isa = PBXBuildFile; fileRef = 69D078F91D70EA9A00F16690 /* AppDelegate.swift */; };
		69D078FC1D70EA9A00F16690 /* ViewController.swift in Sources */ = {isa = PBXBuildFile; fileRef = 69D078FB1D70EA9A00F16690 /* ViewController.swift */; };
		69D078FF1D70EA9A00F16690 /* Main.storyboard in Resources */ = {isa = PBXBuildFile; fileRef = 69D078FD1D70EA9A00F16690 /* Main.storyboard */; };
		69D079021D70EA9A00F16690 /* spriteKit_tutorial.xcdatamodeld in Sources */ = {isa = PBXBuildFile; fileRef = 69D079001D70EA9A00F16690 /* spriteKit_tutorial.xcdatamodeld */; };
		69D079041D70EA9A00F16690 /* Assets.xcassets in Resources */ = {isa = PBXBuildFile; fileRef = 69D079031D70EA9A00F16690 /* Assets.xcassets */; };
		69D079071D70EA9A00F16690 /* LaunchScreen.storyboard in Resources */ = {isa = PBXBuildFile; fileRef = 69D079051D70EA9A00F16690 /* LaunchScreen.storyboard */; };
		69D079121D70EA9A00F16690 /* spriteKit_tutorialTests.swift in Sources */ = {isa = PBXBuildFile; fileRef = 69D079111D70EA9A00F16690 /* spriteKit_tutorialTests.swift */; };
		69D0791D1D70ECF200F16690 /* GameScene.swift in Sources */ = {isa = PBXBuildFile; fileRef = 69D0791C1D70ECF200F16690 /* GameScene.swift */; };
		69D079201D7226AB00F16690 /* ballSmoke.sks in Resources */ = {isa = PBXBuildFile; fileRef = 69D0791E1D7226AB00F16690 /* ballSmoke.sks */; };
		69D079211D7226AB00F16690 /* spark.png in Resources */ = {isa = PBXBuildFile; fileRef = 69D0791F1D7226AB00F16690 /* spark.png */; };
		69D079231D7227C700F16690 /* ballMagic.sks in Resources */ = {isa = PBXBuildFile; fileRef = 69D079221D7227C700F16690 /* ballMagic.sks */; };
		69D079251D72282700F16690 /* ballSpark.sks in Resources */ = {isa = PBXBuildFile; fileRef = 69D079241D72282700F16690 /* ballSpark.sks */; };
/* End PBXBuildFile section */

/* Begin PBXContainerItemProxy section */
		69D0790E1D70EA9A00F16690 /* PBXContainerItemProxy */ = {
			isa = PBXContainerItemProxy;
			containerPortal = 69D078EE1D70EA9A00F16690 /* Project object */;
			proxyType = 1;
			remoteGlobalIDString = 69D078F51D70EA9A00F16690;
			remoteInfo = "spriteKit-tutorial";
		};
/* End PBXContainerItemProxy section */

/* Begin PBXFileReference section */
		69D078F61D70EA9A00F16690 /* spriteKit-tutorial.app */ = {isa = PBXFileReference; explicitFileType = wrapper.application; includeInIndex = 0; path = "spriteKit-tutorial.app"; sourceTree = BUILT_PRODUCTS_DIR; };
		69D078F91D70EA9A00F16690 /* AppDelegate.swift */ = {isa = PBXFileReference; lastKnownFileType = sourcecode.swift; path = AppDelegate.swift; sourceTree = "<group>"; };
		69D078FB1D70EA9A00F16690 /* ViewController.swift */ = {isa = PBXFileReference; lastKnownFileType = sourcecode.swift; path = ViewController.swift; sourceTree = "<group>"; };
		69D078FE1D70EA9A00F16690 /* Base */ = {isa = PBXFileReference; lastKnownFileType = file.storyboard; name = Base; path = Base.lproj/Main.storyboard; sourceTree = "<group>"; };
		69D079011D70EA9A00F16690 /* spriteKit_tutorial.xcdatamodel */ = {isa = PBXFileReference; lastKnownFileType = wrapper.xcdatamodel; path = spriteKit_tutorial.xcdatamodel; sourceTree = "<group>"; };
		69D079031D70EA9A00F16690 /* Assets.xcassets */ = {isa = PBXFileReference; lastKnownFileType = folder.assetcatalog; path = Assets.xcassets; sourceTree = "<group>"; };
		69D079061D70EA9A00F16690 /* Base */ = {isa = PBXFileReference; lastKnownFileType = file.storyboard; name = Base; path = Base.lproj/LaunchScreen.storyboard; sourceTree = "<group>"; };
		69D079081D70EA9A00F16690 /* Info.plist */ = {isa = PBXFileReference; lastKnownFileType = text.plist.xml; path = Info.plist; sourceTree = "<group>"; };
		69D0790D1D70EA9A00F16690 /* spriteKit-tutorialTests.xctest */ = {isa = PBXFileReference; explicitFileType = wrapper.cfbundle; includeInIndex = 0; path = "spriteKit-tutorialTests.xctest"; sourceTree = BUILT_PRODUCTS_DIR; };
		69D079111D70EA9A00F16690 /* spriteKit_tutorialTests.swift */ = {isa = PBXFileReference; lastKnownFileType = sourcecode.swift; path = spriteKit_tutorialTests.swift; sourceTree = "<group>"; };
		69D079131D70EA9A00F16690 /* Info.plist */ = {isa = PBXFileReference; lastKnownFileType = text.plist.xml; path = Info.plist; sourceTree = "<group>"; };
		69D0791C1D70ECF200F16690 /* GameScene.swift */ = {isa = PBXFileReference; fileEncoding = 4; lastKnownFileType = sourcecode.swift; path = GameScene.swift; sourceTree = "<group>"; };
		69D0791E1D7226AB00F16690 /* ballSmoke.sks */ = {isa = PBXFileReference; lastKnownFileType = file.sks; path = ballSmoke.sks; sourceTree = "<group>"; };
		69D0791F1D7226AB00F16690 /* spark.png */ = {isa = PBXFileReference; lastKnownFileType = image.png; path = spark.png; sourceTree = "<group>"; };
		69D079221D7227C700F16690 /* ballMagic.sks */ = {isa = PBXFileReference; lastKnownFileType = file.sks; path = ballMagic.sks; sourceTree = "<group>"; };
		69D079241D72282700F16690 /* ballSpark.sks */ = {isa = PBXFileReference; lastKnownFileType = file.sks; path = ballSpark.sks; sourceTree = "<group>"; };
/* End PBXFileReference section */

/* Begin PBXFrameworksBuildPhase section */
		69D078F31D70EA9A00F16690 /* Frameworks */ = {
			isa = PBXFrameworksBuildPhase;
			buildActionMask = 2147483647;
			files = (
			);
			runOnlyForDeploymentPostprocessing = 0;
		};
		69D0790A1D70EA9A00F16690 /* Frameworks */ = {
			isa = PBXFrameworksBuildPhase;
			buildActionMask = 2147483647;
			files = (
			);
			runOnlyForDeploymentPostprocessing = 0;
		};
/* End PBXFrameworksBuildPhase section */

/* Begin PBXGroup section */
		69D078ED1D70EA9A00F16690 = {
			isa = PBXGroup;
			children = (
				69D078F81D70EA9A00F16690 /* spriteKit-tutorial */,
				69D079101D70EA9A00F16690 /* spriteKit-tutorialTests */,
				69D078F71D70EA9A00F16690 /* Products */,
			);
			sourceTree = "<group>";
		};
		69D078F71D70EA9A00F16690 /* Products */ = {
			isa = PBXGroup;
			children = (
				69D078F61D70EA9A00F16690 /* spriteKit-tutorial.app */,
				69D0790D1D70EA9A00F16690 /* spriteKit-tutorialTests.xctest */,
			);
			name = Products;
			sourceTree = "<group>";
		};
		69D078F81D70EA9A00F16690 /* spriteKit-tutorial */ = {
			isa = PBXGroup;
			children = (
				69D078F91D70EA9A00F16690 /* AppDelegate.swift */,
				69D078FB1D70EA9A00F16690 /* ViewController.swift */,
				69D0791C1D70ECF200F16690 /* GameScene.swift */,
				69D078FD1D70EA9A00F16690 /* Main.storyboard */,
				69D079031D70EA9A00F16690 /* Assets.xcassets */,
				69D079051D70EA9A00F16690 /* LaunchScreen.storyboard */,
				69D079081D70EA9A00F16690 /* Info.plist */,
				69D079001D70EA9A00F16690 /* spriteKit_tutorial.xcdatamodeld */,
				69D0791E1D7226AB00F16690 /* ballSmoke.sks */,
				69D0791F1D7226AB00F16690 /* spark.png */,
				69D079221D7227C700F16690 /* ballMagic.sks */,
				69D079241D72282700F16690 /* ballSpark.sks */,
			);
			path = "spriteKit-tutorial";
			sourceTree = "<group>";
		};
		69D079101D70EA9A00F16690 /* spriteKit-tutorialTests */ = {
			isa = PBXGroup;
			children = (
				69D079111D70EA9A00F16690 /* spriteKit_tutorialTests.swift */,
				69D079131D70EA9A00F16690 /* Info.plist */,
			);
			path = "spriteKit-tutorialTests";
			sourceTree = "<group>";
		};
/* End PBXGroup section */

/* Begin PBXNativeTarget section */
		69D078F51D70EA9A00F16690 /* spriteKit-tutorial */ = {
			isa = PBXNativeTarget;
			buildConfigurationList = 69D079161D70EA9A00F16690 /* Build configuration list for PBXNativeTarget "spriteKit-tutorial" */;
			buildPhases = (
				69D078F21D70EA9A00F16690 /* Sources */,
				69D078F31D70EA9A00F16690 /* Frameworks */,
				69D078F41D70EA9A00F16690 /* Resources */,
			);
			buildRules = (
			);
			dependencies = (
			);
			name = "spriteKit-tutorial";
			productName = "spriteKit-tutorial";
			productReference = 69D078F61D70EA9A00F16690 /* spriteKit-tutorial.app */;
			productType = "com.apple.product-type.application";
		};
		69D0790C1D70EA9A00F16690 /* spriteKit-tutorialTests */ = {
			isa = PBXNativeTarget;
			buildConfigurationList = 69D079191D70EA9A00F16690 /* Build configuration list for PBXNativeTarget "spriteKit-tutorialTests" */;
			buildPhases = (
				69D079091D70EA9A00F16690 /* Sources */,
				69D0790A1D70EA9A00F16690 /* Frameworks */,
				69D0790B1D70EA9A00F16690 /* Resources */,
			);
			buildRules = (
			);
			dependencies = (
				69D0790F1D70EA9A00F16690 /* PBXTargetDependency */,
			);
			name = "spriteKit-tutorialTests";
			productName = "spriteKit-tutorialTests";
			productReference = 69D0790D1D70EA9A00F16690 /* spriteKit-tutorialTests.xctest */;
			productType = "com.apple.product-type.bundle.unit-test";
		};
/* End PBXNativeTarget section */

/* Begin PBXProject section */
		69D078EE1D70EA9A00F16690 /* Project object */ = {
			isa = PBXProject;
			attributes = {
				LastSwiftUpdateCheck = 0730;
				LastUpgradeCheck = 0730;
				ORGANIZATIONNAME = defaultdave;
				TargetAttributes = {
					69D078F51D70EA9A00F16690 = {
						CreatedOnToolsVersion = 7.3;
					};
					69D0790C1D70EA9A00F16690 = {
						CreatedOnToolsVersion = 7.3;
						TestTargetID = 69D078F51D70EA9A00F16690;
					};
				};
			};
			buildConfigurationList = 69D078F11D70EA9A00F16690 /* Build configuration list for PBXProject "spriteKit-tutorial" */;
			compatibilityVersion = "Xcode 3.2";
			developmentRegion = English;
			hasScannedForEncodings = 0;
			knownRegions = (
				en,
				Base,
			);
			mainGroup = 69D078ED1D70EA9A00F16690;
			productRefGroup = 69D078F71D70EA9A00F16690 /* Products */;
			projectDirPath = "";
			projectRoot = "";
			targets = (
				69D078F51D70EA9A00F16690 /* spriteKit-tutorial */,
				69D0790C1D70EA9A00F16690 /* spriteKit-tutorialTests */,
			);
		};
/* End PBXProject section */

/* Begin PBXResourcesBuildPhase section */
		69D078F41D70EA9A00F16690 /* Resources */ = {
			isa = PBXResourcesBuildPhase;
			buildActionMask = 2147483647;
			files = (
				69D079211D7226AB00F16690 /* spark.png in Resources */,
				69D079071D70EA9A00F16690 /* LaunchScreen.storyboard in Resources */,
				69D079231D7227C700F16690 /* ballMagic.sks in Resources */,
				69D079041D70EA9A00F16690 /* Assets.xcassets in Resources */,
				69D079201D7226AB00F16690 /* ballSmoke.sks in Resources */,
				69D079251D72282700F16690 /* ballSpark.sks in Resources */,
				69D078FF1D70EA9A00F16690 /* Main.storyboard in Resources */,
			);
			runOnlyForDeploymentPostprocessing = 0;
		};
		69D0790B1D70EA9A00F16690 /* Resources */ = {
			isa = PBXResourcesBuildPhase;
			buildActionMask = 2147483647;
			files = (
			);
			runOnlyForDeploymentPostprocessing = 0;
		};
/* End PBXResourcesBuildPhase section */

/* Begin PBXSourcesBuildPhase section */
		69D078F21D70EA9A00F16690 /* Sources */ = {
			isa = PBXSourcesBuildPhase;
			buildActionMask = 2147483647;
			files = (
				69D078FC1D70EA9A00F16690 /* ViewController.swift in Sources */,
				69D079021D70EA9A00F16690 /* spriteKit_tutorial.xcdatamodeld in Sources */,
				69D0791D1D70ECF200F16690 /* GameScene.swift in Sources */,
				69D078FA1D70EA9A00F16690 /* AppDelegate.swift in Sources */,
			);
			runOnlyForDeploymentPostprocessing = 0;
		};
		69D079091D70EA9A00F16690 /* Sources */ = {
			isa = PBXSourcesBuildPhase;
			buildActionMask = 2147483647;
			files = (
				69D079121D70EA9A00F16690 /* spriteKit_tutorialTests.swift in Sources */,
			);
			runOnlyForDeploymentPostprocessing = 0;
		};
/* End PBXSourcesBuildPhase section */

/* Begin PBXTargetDependency section */
		69D0790F1D70EA9A00F16690 /* PBXTargetDependency */ = {
			isa = PBXTargetDependency;
			target = 69D078F51D70EA9A00F16690 /* spriteKit-tutorial */;
			targetProxy = 69D0790E1D70EA9A00F16690 /* PBXContainerItemProxy */;
		};
/* End PBXTargetDependency section */

/* Begin PBXVariantGroup section */
		69D078FD1D70EA9A00F16690 /* Main.storyboard */ = {
			isa = PBXVariantGroup;
			children = (
				69D078FE1D70EA9A00F16690 /* Base */,
			);
			name = Main.storyboard;
			sourceTree = "<group>";
		};
		69D079051D70EA9A00F16690 /* LaunchScreen.storyboard */ = {
			isa = PBXVariantGroup;
			children = (
				69D079061D70EA9A00F16690 /* Base */,
			);
			name = LaunchScreen.storyboard;
			sourceTree = "<group>";
		};
/* End PBXVariantGroup section */

/* Begin XCBuildConfiguration section */
		69D079141D70EA9A00F16690 /* Debug */ = {
			isa = XCBuildConfiguration;
			buildSettings = {
				ALWAYS_SEARCH_USER_PATHS = NO;
				CLANG_ANALYZER_NONNULL = YES;
				CLANG_CXX_LANGUAGE_STANDARD = "gnu++0x";
				CLANG_CXX_LIBRARY = "libc++";
				CLANG_ENABLE_MODULES = YES;
				CLANG_ENABLE_OBJC_ARC = YES;
				CLANG_WARN_BOOL_CONVERSION = YES;
				CLANG_WARN_CONSTANT_CONVERSION = YES;
				CLANG_WARN_DIRECT_OBJC_ISA_USAGE = YES_ERROR;
				CLANG_WARN_EMPTY_BODY = YES;
				CLANG_WARN_ENUM_CONVERSION = YES;
				CLANG_WARN_INT_CONVERSION = YES;
				CLANG_WARN_OBJC_ROOT_CLASS = YES_ERROR;
				CLANG_WARN_UNREACHABLE_CODE = YES;
				CLANG_WARN__DUPLICATE_METHOD_MATCH = YES;
				"CODE_SIGN_IDENTITY[sdk=iphoneos*]" = "iPhone Developer";
				COPY_PHASE_STRIP = NO;
				DEBUG_INFORMATION_FORMAT = dwarf;
				ENABLE_STRICT_OBJC_MSGSEND = YES;
				ENABLE_TESTABILITY = YES;
				GCC_C_LANGUAGE_STANDARD = gnu99;
				GCC_DYNAMIC_NO_PIC = NO;
				GCC_NO_COMMON_BLOCKS = YES;
				GCC_OPTIMIZATION_LEVEL = 0;
				GCC_PREPROCESSOR_DEFINITIONS = (
					"DEBUG=1",
					"$(inherited)",
				);
				GCC_WARN_64_TO_32_BIT_CONVERSION = YES;
				GCC_WARN_ABOUT_RETURN_TYPE = YES_ERROR;
				GCC_WARN_UNDECLARED_SELECTOR = YES;
				GCC_WARN_UNINITIALIZED_AUTOS = YES_AGGRESSIVE;
				GCC_WARN_UNUSED_FUNCTION = YES;
				GCC_WARN_UNUSED_VARIABLE = YES;
				IPHONEOS_DEPLOYMENT_TARGET = 9.3;
				MTL_ENABLE_DEBUG_INFO = YES;
				ONLY_ACTIVE_ARCH = YES;
				SDKROOT = iphoneos;
				SWIFT_OPTIMIZATION_LEVEL = "-Onone";
			};
			name = Debug;
		};
		69D079151D70EA9A00F16690 /* Release */ = {
			isa = XCBuildConfiguration;
			buildSettings = {
				ALWAYS_SEARCH_USER_PATHS = NO;
				CLANG_ANALYZER_NONNULL = YES;
				CLANG_CXX_LANGUAGE_STANDARD = "gnu++0x";
				CLANG_CXX_LIBRARY = "libc++";
				CLANG_ENABLE_MODULES = YES;
				CLANG_ENABLE_OBJC_ARC = YES;
				CLANG_WARN_BOOL_CONVERSION = YES;
				CLANG_WARN_CONSTANT_CONVERSION = YES;
				CLANG_WARN_DIRECT_OBJC_ISA_USAGE = YES_ERROR;
				CLANG_WARN_EMPTY_BODY = YES;
				CLANG_WARN_ENUM_CONVERSION = YES;
				CLANG_WARN_INT_CONVERSION = YES;
				CLANG_WARN_OBJC_ROOT_CLASS = YES_ERROR;
				CLANG_WARN_UNREACHABLE_CODE = YES;
				CLANG_WARN__DUPLICATE_METHOD_MATCH = YES;
				"CODE_SIGN_IDENTITY[sdk=iphoneos*]" = "iPhone Developer";
				COPY_PHASE_STRIP = NO;
				DEBUG_INFORMATION_FORMAT = "dwarf-with-dsym";
				ENABLE_NS_ASSERTIONS = NO;
				ENABLE_STRICT_OBJC_MSGSEND = YES;
				GCC_C_LANGUAGE_STANDARD = gnu99;
				GCC_NO_COMMON_BLOCKS = YES;
				GCC_WARN_64_TO_32_BIT_CONVERSION = YES;
				GCC_WARN_ABOUT_RETURN_TYPE = YES_ERROR;
				GCC_WARN_UNDECLARED_SELECTOR = YES;
				GCC_WARN_UNINITIALIZED_AUTOS = YES_AGGRESSIVE;
				GCC_WARN_UNUSED_FUNCTION = YES;
				GCC_WARN_UNUSED_VARIABLE = YES;
				IPHONEOS_DEPLOYMENT_TARGET = 9.3;
				MTL_ENABLE_DEBUG_INFO = NO;
				SDKROOT = iphoneos;
				VALIDATE_PRODUCT = YES;
			};
			name = Release;
		};
		69D079171D70EA9A00F16690 /* Debug */ = {
			isa = XCBuildConfiguration;
			buildSettings = {
				ASSETCATALOG_COMPILER_APPICON_NAME = AppIcon;
				INFOPLIST_FILE = "spriteKit-tutorial/Info.plist";
				LD_RUNPATH_SEARCH_PATHS = "$(inherited) @executable_path/Frameworks";
				PRODUCT_BUNDLE_IDENTIFIER = "com.defaultdave.spriteKit-tutorial";
				PRODUCT_NAME = "$(TARGET_NAME)";
			};
			name = Debug;
		};
		69D079181D70EA9A00F16690 /* Release */ = {
			isa = XCBuildConfiguration;
			buildSettings = {
				ASSETCATALOG_COMPILER_APPICON_NAME = AppIcon;
				INFOPLIST_FILE = "spriteKit-tutorial/Info.plist";
				LD_RUNPATH_SEARCH_PATHS = "$(inherited) @executable_path/Frameworks";
				PRODUCT_BUNDLE_IDENTIFIER = "com.defaultdave.spriteKit-tutorial";
				PRODUCT_NAME = "$(TARGET_NAME)";
			};
			name = Release;
		};
		69D0791A1D70EA9A00F16690 /* Debug */ = {
			isa = XCBuildConfiguration;
			buildSettings = {
				BUNDLE_LOADER = "$(TEST_HOST)";
				INFOPLIST_FILE = "spriteKit-tutorialTests/Info.plist";
				LD_RUNPATH_SEARCH_PATHS = "$(inherited) @executable_path/Frameworks @loader_path/Frameworks";
				PRODUCT_BUNDLE_IDENTIFIER = "com.defaultdave.spriteKit-tutorialTests";
				PRODUCT_NAME = "$(TARGET_NAME)";
				TEST_HOST = "$(BUILT_PRODUCTS_DIR)/spriteKit-tutorial.app/spriteKit-tutorial";
			};
			name = Debug;
		};
		69D0791B1D70EA9A00F16690 /* Release */ = {
			isa = XCBuildConfiguration;
			buildSettings = {
				BUNDLE_LOADER = "$(TEST_HOST)";
				INFOPLIST_FILE = "spriteKit-tutorialTests/Info.plist";
				LD_RUNPATH_SEARCH_PATHS = "$(inherited) @executable_path/Frameworks @loader_path/Frameworks";
				PRODUCT_BUNDLE_IDENTIFIER = "com.defaultdave.spriteKit-tutorialTests";
				PRODUCT_NAME = "$(TARGET_NAME)";
				TEST_HOST = "$(BUILT_PRODUCTS_DIR)/spriteKit-tutorial.app/spriteKit-tutorial";
			};
			name = Release;
		};
/* End XCBuildConfiguration section */

/* Begin XCConfigurationList section */
		69D078F11D70EA9A00F16690 /* Build configuration list for PBXProject "spriteKit-tutorial" */ = {
			isa = XCConfigurationList;
			buildConfigurations = (
				69D079141D70EA9A00F16690 /* Debug */,
				69D079151D70EA9A00F16690 /* Release */,
			);
			defaultConfigurationIsVisible = 0;
			defaultConfigurationName = Release;
		};
		69D079161D70EA9A00F16690 /* Build configuration list for PBXNativeTarget "spriteKit-tutorial" */ = {
			isa = XCConfigurationList;
			buildConfigurations = (
				69D079171D70EA9A00F16690 /* Debug */,
				69D079181D70EA9A00F16690 /* Release */,
			);
			defaultConfigurationIsVisible = 0;
		};
		69D079191D70EA9A00F16690 /* Build configuration list for PBXNativeTarget "spriteKit-tutorialTests" */ = {
			isa = XCConfigurationList;
			buildConfigurations = (
				69D0791A1D70EA9A00F16690 /* Debug */,
				69D0791B1D70EA9A00F16690 /* Release */,
			);
			defaultConfigurationIsVisible = 0;
		};
/* End XCConfigurationList section */

/* Begin XCVersionGroup section */
		69D079001D70EA9A00F16690 /* spriteKit_tutorial.xcdatamodeld */ = {
			isa = XCVersionGroup;
			children = (
				69D079011D70EA9A00F16690 /* spriteKit_tutorial.xcdatamodel */,
			);
			currentVersion = 69D079011D70EA9A00F16690 /* spriteKit_tutorial.xcdatamodel */;
			path = spriteKit_tutorial.xcdatamodeld;
			sourceTree = "<group>";
			versionGroupType = wrapper.xcdatamodel;
		};
/* End XCVersionGroup section */
	};
	rootObject = 69D078EE1D70EA9A00F16690 /* Project object */;
}
